
Microsoft Visual Studio Solution File, Format Version 12.00
# Visual Studio Version 17
VisualStudioVersion = 17.1.32328.378
MinimumVisualStudioVersion = 10.0.40219.1
Project("{9A19103F-16F7-4668-BE54-9A1E7A4F7556}") = "OnePass.WPF", "OnePass.WPF\OnePass.WPF.csproj", "{32AAC323-A456-42C1-9ACA-C79A9DE560ED}"
EndProject
Project("{9A19103F-16F7-4668-BE54-9A1E7A4F7556}") = "OnePass.WPF.Tests", "OnePass.WPF.Tests\OnePass.WPF.Tests.csproj", "{18EA203C-2154-418A-92E0-AC5C39A1D6C8}"
EndProject
Project("{2150E333-8FDC-42A3-9474-1A3956D46DE8}") = "Tests", "Tests", "{2C8E0012-F943-4592-A106-B7FA2FD47EFA}"
EndProject
Project("{2150E333-8FDC-42A3-9474-1A3956D46DE8}") = "Source", "Source", "{F8B4028C-ED5F-4C4C-AB9D-823B2A85461E}"
EndProject
Project("{9A19103F-16F7-4668-BE54-9A1E7A4F7556}") = "OnePass", "OnePass\OnePass.csproj", "{5B5D6394-4A92-459F-8EC7-EF1012E58D65}"
EndProject
Project("{9A19103F-16F7-4668-BE54-9A1E7A4F7556}") = "OnePass.Tests", "OnePass.Tests\OnePass.Tests.csproj", "{57327FF0-169E-48A7-9CB9-64629EE1F839}"
EndProject
Project("{FAE04EC0-301F-11D3-BF4B-00C04F79EFBC}") = "OnePass.Android", "OnePass.Android\OnePass.Android.csproj", "{31A00CD7-59B8-4F2B-8451-0EC2E3107EBC}"
EndProject
Global
	GlobalSection(SolutionConfigurationPlatforms) = preSolution
		Debug|Any CPU = Debug|Any CPU
		Release|Any CPU = Release|Any CPU
	EndGlobalSection
	GlobalSection(ProjectConfigurationPlatforms) = postSolution
		{32AAC323-A456-42C1-9ACA-C79A9DE560ED}.Debug|Any CPU.ActiveCfg = Debug|Any CPU
		{32AAC323-A456-42C1-9ACA-C79A9DE560ED}.Debug|Any CPU.Build.0 = Debug|Any CPU
		{32AAC323-A456-42C1-9ACA-C79A9DE560ED}.Release|Any CPU.ActiveCfg = Release|Any CPU
		{32AAC323-A456-42C1-9ACA-C79A9DE560ED}.Release|Any CPU.Build.0 = Release|Any CPU
		{18EA203C-2154-418A-92E0-AC5C39A1D6C8}.Debug|Any CPU.ActiveCfg = Debug|Any CPU
		{18EA203C-2154-418A-92E0-AC5C39A1D6C8}.Debug|Any CPU.Build.0 = Debug|Any CPU
		{18EA203C-2154-418A-92E0-AC5C39A1D6C8}.Release|Any CPU.ActiveCfg = Release|Any CPU
		{18EA203C-2154-418A-92E0-AC5C39A1D6C8}.Release|Any CPU.Build.0 = Release|Any CPU
		{5B5D6394-4A92-459F-8EC7-EF1012E58D65}.Debug|Any CPU.ActiveCfg = Debug|Any CPU
		{5B5D6394-4A92-459F-8EC7-EF1012E58D65}.Debug|Any CPU.Build.0 = Debug|Any CPU
		{5B5D6394-4A92-459F-8EC7-EF1012E58D65}.Release|Any CPU.ActiveCfg = Release|Any CPU
		{5B5D6394-4A92-459F-8EC7-EF1012E58D65}.Release|Any CPU.Build.0 = Release|Any CPU
		{57327FF0-169E-48A7-9CB9-64629EE1F839}.Debug|Any CPU.ActiveCfg = Debug|Any CPU
		{57327FF0-169E-48A7-9CB9-64629EE1F839}.Debug|Any CPU.Build.0 = Debug|Any CPU
		{57327FF0-169E-48A7-9CB9-64629EE1F839}.Release|Any CPU.ActiveCfg = Release|Any CPU
		{57327FF0-169E-48A7-9CB9-64629EE1F839}.Release|Any CPU.Build.0 = Release|Any CPU
		{31A00CD7-59B8-4F2B-8451-0EC2E3107EBC}.Debug|Any CPU.ActiveCfg = Debug|Any CPU
		{31A00CD7-59B8-4F2B-8451-0EC2E3107EBC}.Debug|Any CPU.Build.0 = Debug|Any CPU
		{31A00CD7-59B8-4F2B-8451-0EC2E3107EBC}.Debug|Any CPU.Deploy.0 = Debug|Any CPU
		{31A00CD7-59B8-4F2B-8451-0EC2E3107EBC}.Release|Any CPU.ActiveCfg = Release|Any CPU
		{31A00CD7-59B8-4F2B-8451-0EC2E3107EBC}.Release|Any CPU.Build.0 = Release|Any CPU
		{31A00CD7-59B8-4F2B-8451-0EC2E3107EBC}.Release|Any CPU.Deploy.0 = Release|Any CPU
	EndGlobalSection
	GlobalSection(SolutionProperties) = preSolution
		HideSolutionNode = FALSE
	EndGlobalSection
	GlobalSection(NestedProjects) = preSolution
		{32AAC323-A456-42C1-9ACA-C79A9DE560ED} = {F8B4028C-ED5F-4C4C-AB9D-823B2A85461E}
		{18EA203C-2154-418A-92E0-AC5C39A1D6C8} = {2C8E0012-F943-4592-A106-B7FA2FD47EFA}
		{5B5D6394-4A92-459F-8EC7-EF1012E58D65} = {F8B4028C-ED5F-4C4C-AB9D-823B2A85461E}
		{57327FF0-169E-48A7-9CB9-64629EE1F839} = {2C8E0012-F943-4592-A106-B7FA2FD47EFA}
		{31A00CD7-59B8-4F2B-8451-0EC2E3107EBC} = {F8B4028C-ED5F-4C4C-AB9D-823B2A85461E}
	EndGlobalSection
	GlobalSection(ExtensibilityGlobals) = postSolution
		SolutionGuid = {C3FA0FEB-C825-4921-8269-029766A3CBA4}
	EndGlobalSection
EndGlobal
