
Microsoft Visual Studio Solution File, Format Version 12.00
# Visual Studio Version 16
VisualStudioVersion = 16.0.30413.136
MinimumVisualStudioVersion = 10.0.40219.1
Project("{FAE04EC0-301F-11D3-BF4B-00C04F79EFBC}") = "OnePass", "OnePass\OnePass.csproj", "{32AAC323-A456-42C1-9ACA-C79A9DE560ED}"
EndProject
Global
	GlobalSection(SolutionConfigurationPlatforms) = preSolution
		Debug|Any CPU = Debug|Any CPU
		Release|Any CPU = Release|Any CPU
	EndGlobalSection
	GlobalSection(ProjectConfigurationPlatforms) = postSolution
		{32AAC323-A456-42C1-9ACA-C79A9DE560ED}.Debug|Any CPU.ActiveCfg = Debug|Any CPU
		{32AAC323-A456-42C1-9ACA-C79A9DE560ED}.Debug|Any CPU.Build.0 = Debug|Any CPU
		{32AAC323-A456-42C1-9ACA-C79A9DE560ED}.Release|Any CPU.ActiveCfg = Release|Any CPU
		{32AAC323-A456-42C1-9ACA-C79A9DE560ED}.Release|Any CPU.Build.0 = Release|Any CPU
	EndGlobalSection
	GlobalSection(SolutionProperties) = preSolution
		HideSolutionNode = FALSE
	EndGlobalSection
	GlobalSection(ExtensibilityGlobals) = postSolution
		SolutionGuid = {C3FA0FEB-C825-4921-8269-029766A3CBA4}
	EndGlobalSection
EndGlobal
